
Microsoft Visual Studio Solution File, Format Version 12.00
# Visual Studio Version 16
VisualStudioVersion = 16.0.31702.278
MinimumVisualStudioVersion = 10.0.40219.1
Project("{FAE04EC0-301F-11D3-BF4B-00C04F79EFBC}") = "ShoppingCartClientApp", "ShoppingCartClientApp\ShoppingCartClientApp.csproj", "{32D0EFA3-BD4A-4D7C-A899-DDEDCFF60C87}"
EndProject
Project("{FAE04EC0-301F-11D3-BF4B-00C04F79EFBC}") = "FancyItemsExternalLib", "FancyItemsExternalLib\FancyItemsExternalLib.csproj", "{431911EB-8789-4BA0-9866-368D6B28E992}"
EndProject
Global
	GlobalSection(SolutionConfigurationPlatforms) = preSolution
		Debug|Any CPU = Debug|Any CPU
		Release|Any CPU = Release|Any CPU
	EndGlobalSection
	GlobalSection(ProjectConfigurationPlatforms) = postSolution
		{32D0EFA3-BD4A-4D7C-A899-DDEDCFF60C87}.Debug|Any CPU.ActiveCfg = Debug|Any CPU
		{32D0EFA3-BD4A-4D7C-A899-DDEDCFF60C87}.Debug|Any CPU.Build.0 = Debug|Any CPU
		{32D0EFA3-BD4A-4D7C-A899-DDEDCFF60C87}.Release|Any CPU.ActiveCfg = Release|Any CPU
		{32D0EFA3-BD4A-4D7C-A899-DDEDCFF60C87}.Release|Any CPU.Build.0 = Release|Any CPU
		{431911EB-8789-4BA0-9866-368D6B28E992}.Debug|Any CPU.ActiveCfg = Debug|Any CPU
		{431911EB-8789-4BA0-9866-368D6B28E992}.Debug|Any CPU.Build.0 = Debug|Any CPU
		{431911EB-8789-4BA0-9866-368D6B28E992}.Release|Any CPU.ActiveCfg = Release|Any CPU
		{431911EB-8789-4BA0-9866-368D6B28E992}.Release|Any CPU.Build.0 = Release|Any CPU
	EndGlobalSection
	GlobalSection(SolutionProperties) = preSolution
		HideSolutionNode = FALSE
	EndGlobalSection
	GlobalSection(ExtensibilityGlobals) = postSolution
		SolutionGuid = {7C7533F5-9751-4135-82A4-DD3A273EAD08}
	EndGlobalSection
EndGlobal
